// !$*UTF8*$!
{
	archiveVersion = 1;
	classes = {};
	objectVersion = 56;
	objects = {

/* Begin PBXBuildFile section */
		A10000000000000000000001 /* AppDelegate.swift in Sources */ = {isa = PBXBuildFile; fileRef = B10000000000000000000001 /* AppDelegate.swift */; };
		A10000000000000000000002 /* VMViewController.swift in Sources */ = {isa = PBXBuildFile; fileRef = B10000000000000000000002 /* VMViewController.swift */; };
		A10000000000000000000003 /* MetalDisplay.swift in Sources */ = {isa = PBXBuildFile; fileRef = B10000000000000000000003 /* MetalDisplay.swift */; };
		A10000000000000000000004 /* Shaders.metal in Sources */ = {isa = PBXBuildFile; fileRef = B10000000000000000000004 /* Shaders.metal */; };
		A10000000000000000000005 /* AudioOutput.swift in Sources */ = {isa = PBXBuildFile; fileRef = B10000000000000000000005 /* AudioOutput.swift */; };
		A10000000000000000000006 /* KeyboardInput.swift in Sources */ = {isa = PBXBuildFile; fileRef = B10000000000000000000006 /* KeyboardInput.swift */; };
		A10000000000000000000007 /* CoreBridge.mm in Sources */ = {isa = PBXBuildFile; fileRef = B10000000000000000000007 /* CoreBridge.mm */; };
		A10000000000000000000008 /* libdosbox_pure.a in Frameworks */ = {isa = PBXBuildFile; fileRef = B10000000000000000000009 /* libdosbox_pure.a */; };
		A10000000000000000000009 /* BundledContent in Resources */ = {isa = PBXBuildFile; fileRef = B10000000000000000000010 /* BundledContent */; };
		A10000000000000000000010 /* THIRD_PARTY_NOTICES.md in Resources */ = {isa = PBXBuildFile; fileRef = B10000000000000000000011 /* THIRD_PARTY_NOTICES.md */; };
		A10000000000000000000011 /* LICENSE in Resources */ = {isa = PBXBuildFile; fileRef = B10000000000000000000014 /* LICENSE */; };
		A10000000000000000000012 /* Assets.xcassets in Resources */ = {isa = PBXBuildFile; fileRef = B10000000000000000000015 /* Assets.xcassets */; };
/* End PBXBuildFile section */

/* Begin PBXFileReference section */
		B10000000000000000000001 /* AppDelegate.swift */ = {isa = PBXFileReference; lastKnownFileType = sourcecode.swift; path = AppDelegate.swift; sourceTree = "<group>"; };
		B10000000000000000000002 /* VMViewController.swift */ = {isa = PBXFileReference; lastKnownFileType = sourcecode.swift; path = VMViewController.swift; sourceTree = "<group>"; };
		B10000000000000000000003 /* MetalDisplay.swift */ = {isa = PBXFileReference; lastKnownFileType = sourcecode.swift; path = MetalDisplay.swift; sourceTree = "<group>"; };
		B10000000000000000000004 /* Shaders.metal */ = {isa = PBXFileReference; lastKnownFileType = sourcecode.metal; path = Shaders.metal; sourceTree = "<group>"; };
		B10000000000000000000005 /* AudioOutput.swift */ = {isa = PBXFileReference; lastKnownFileType = sourcecode.swift; path = AudioOutput.swift; sourceTree = "<group>"; };
		B10000000000000000000006 /* KeyboardInput.swift */ = {isa = PBXFileReference; lastKnownFileType = sourcecode.swift; path = KeyboardInput.swift; sourceTree = "<group>"; };
		B10000000000000000000007 /* CoreBridge.mm */ = {isa = PBXFileReference; lastKnownFileType = sourcecode.cpp.objcpp; path = CoreBridge.mm; sourceTree = "<group>"; };
		B10000000000000000000008 /* CoreBridge.h */ = {isa = PBXFileReference; lastKnownFileType = sourcecode.c.h; path = CoreBridge.h; sourceTree = "<group>"; };
		B10000000000000000000009 /* libdosbox_pure.a */ = {isa = PBXFileReference; lastKnownFileType = archive.ar; path = Vendor/dosbox-pure/libdosbox_pure.a; sourceTree = SOURCE_ROOT; };
		B10000000000000000000010 /* BundledContent */ = {isa = PBXFileReference; lastKnownFileType = folder; path = Win95iOS/BundledContent; sourceTree = SOURCE_ROOT; };
		B10000000000000000000011 /* THIRD_PARTY_NOTICES.md */ = {isa = PBXFileReference; lastKnownFileType = net.daringfireball.markdown; path = THIRD_PARTY_NOTICES.md; sourceTree = SOURCE_ROOT; };
		B10000000000000000000012 /* Info.plist */ = {isa = PBXFileReference; lastKnownFileType = text.plist.xml; path = Info.plist; sourceTree = "<group>"; };
		B10000000000000000000013 /* Win95iOS.app */ = {isa = PBXFileReference; explicitFileType = wrapper.application; includeInIndex = 0; path = Win95iOS.app; sourceTree = BUILT_PRODUCTS_DIR; };
		B10000000000000000000014 /* LICENSE */ = {isa = PBXFileReference; lastKnownFileType = text; path = LICENSE; sourceTree = SOURCE_ROOT; };
		B10000000000000000000015 /* Assets.xcassets */ = {isa = PBXFileReference; lastKnownFileType = folder.assetcatalog; path = Assets.xcassets; sourceTree = "<group>"; };
/* End PBXFileReference section */

/* Begin PBXFrameworksBuildPhase section */
		C10000000000000000000001 /* Frameworks */ = {
			isa = PBXFrameworksBuildPhase;
			buildActionMask = 2147483647;
			files = (A10000000000000000000008 /* libdosbox_pure.a in Frameworks */,);
			runOnlyForDeploymentPostprocessing = 0;
		};
/* End PBXFrameworksBuildPhase section */

/* Begin PBXGroup section */
		D10000000000000000000001 = {
			isa = PBXGroup;
			children = (
				D10000000000000000000002 /* Win95iOS */,
				B10000000000000000000009 /* libdosbox_pure.a */,
				B10000000000000000000011 /* THIRD_PARTY_NOTICES.md */,
				B10000000000000000000014 /* LICENSE */,
				D10000000000000000000006 /* Products */,
			);
			sourceTree = "<group>";
		};
		D10000000000000000000002 /* Win95iOS */ = {
			isa = PBXGroup;
			path = Win95iOS;
			sourceTree = "<group>";
			children = (
				B10000000000000000000001 /* AppDelegate.swift */,
				B10000000000000000000002 /* VMViewController.swift */,
				D10000000000000000000003 /* Bridge */,
				D10000000000000000000004 /* Display */,
				D10000000000000000000005 /* Audio */,
				D10000000000000000000007 /* Input */,
				B10000000000000000000015 /* Assets.xcassets */,
				B10000000000000000000010 /* BundledContent */,
				B10000000000000000000012 /* Info.plist */,
			);
		};
		D10000000000000000000003 /* Bridge */ = {
			isa = PBXGroup;
			path = Bridge;
			sourceTree = "<group>";
			children = (B10000000000000000000008 /* CoreBridge.h */, B10000000000000000000007 /* CoreBridge.mm */);
		};
		D10000000000000000000004 /* Display */ = {
			isa = PBXGroup;
			path = Display;
			sourceTree = "<group>";
			children = (B10000000000000000000003 /* MetalDisplay.swift */, B10000000000000000000004 /* Shaders.metal */);
		};
		D10000000000000000000005 /* Audio */ = {
			isa = PBXGroup;
			path = Audio;
			sourceTree = "<group>";
			children = (B10000000000000000000005 /* AudioOutput.swift */,);
		};
		D10000000000000000000007 /* Input */ = {
			isa = PBXGroup;
			path = Input;
			sourceTree = "<group>";
			children = (B10000000000000000000006 /* KeyboardInput.swift */,);
		};
		D10000000000000000000006 /* Products */ = {
			isa = PBXGroup;
			name = Products;
			sourceTree = "<group>";
			children = (B10000000000000000000013 /* Win95iOS.app */,);
		};
/* End PBXGroup section */

/* Begin PBXNativeTarget section */
		E10000000000000000000001 /* Win95iOS */ = {
			isa = PBXNativeTarget;
			buildConfigurationList = H10000000000000000000002 /* Build configuration list for PBXNativeTarget */;
			buildPhases = (
				F10000000000000000000001 /* Sources */,
				C10000000000000000000001 /* Frameworks */,
				F10000000000000000000002 /* Resources */,
			);
			buildRules = ();
			dependencies = ();
			name = Win95iOS;
			productName = Win95iOS;
			productReference = B10000000000000000000013 /* Win95iOS.app */;
			productType = "com.apple.product-type.application";
		};
/* End PBXNativeTarget section */

/* Begin PBXProject section */
		E10000000000000000000002 /* Project object */ = {
			isa = PBXProject;
			attributes = {
				BuildIndependentTargetsInParallel = 1;
				LastSwiftUpdateCheck = 1640;
				LastUpgradeCheck = 1640;
				TargetAttributes = { E10000000000000000000001 = {CreatedOnToolsVersion = 16.4;}; };
			};
			buildConfigurationList = H10000000000000000000001 /* Build configuration list for PBXProject */;
			compatibilityVersion = "Xcode 14.0";
			developmentRegion = en;
			hasScannedForEncodings = 0;
			knownRegions = (en, Base,);
			mainGroup = D10000000000000000000001;
			productRefGroup = D10000000000000000000006 /* Products */;
			projectDirPath = "";
			projectRoot = "";
			targets = (E10000000000000000000001 /* Win95iOS */,);
		};
/* End PBXProject section */

/* Begin PBXResourcesBuildPhase section */
		F10000000000000000000002 /* Resources */ = {
			isa = PBXResourcesBuildPhase;
			buildActionMask = 2147483647;
			files = (A10000000000000000000009 /* BundledContent in Resources */, A10000000000000000000010 /* THIRD_PARTY_NOTICES.md in Resources */, A10000000000000000000011 /* LICENSE in Resources */, A10000000000000000000012 /* Assets.xcassets in Resources */,);
			runOnlyForDeploymentPostprocessing = 0;
		};
/* End PBXResourcesBuildPhase section */

/* Begin PBXSourcesBuildPhase section */
		F10000000000000000000001 /* Sources */ = {
			isa = PBXSourcesBuildPhase;
			buildActionMask = 2147483647;
			files = (
				A10000000000000000000001 /* AppDelegate.swift in Sources */,
				A10000000000000000000002 /* VMViewController.swift in Sources */,
				A10000000000000000000003 /* MetalDisplay.swift in Sources */,
				A10000000000000000000004 /* Shaders.metal in Sources */,
				A10000000000000000000005 /* AudioOutput.swift in Sources */,
				A10000000000000000000006 /* KeyboardInput.swift in Sources */,
				A10000000000000000000007 /* CoreBridge.mm in Sources */,
			);
			runOnlyForDeploymentPostprocessing = 0;
		};
/* End PBXSourcesBuildPhase section */

/* Begin XCBuildConfiguration section */
		G10000000000000000000001 /* Debug */ = {isa = XCBuildConfiguration; buildSettings = {CLANG_ENABLE_MODULES = YES; SWIFT_VERSION = 5.0;}; name = Debug;};
		G10000000000000000000002 /* Release */ = {isa = XCBuildConfiguration; buildSettings = {CLANG_ENABLE_MODULES = YES; SWIFT_VERSION = 5.0;}; name = Release;};
		G10000000000000000000003 /* Debug */ = {
			isa = XCBuildConfiguration;
			buildSettings = {
				ALWAYS_SEARCH_USER_PATHS = NO;
				APP_DISPLAY_NAME = "Windows 95";
				CLANG_CXX_LANGUAGE_STANDARD = "gnu++17";
				CLANG_ENABLE_OBJC_ARC = YES;
				CLANG_ENABLE_MODULES = YES;
				CODE_SIGN_STYLE = Automatic;
				CURRENT_PROJECT_VERSION = 1;
				DEBUG_INFORMATION_FORMAT = dwarf;
				DEVELOPMENT_TEAM = "";
				ENABLE_BITCODE = NO;
				GENERATE_INFOPLIST_FILE = NO;
				HEADER_SEARCH_PATHS = ("$(SRCROOT)/Win95iOS/Bridge", "$(SRCROOT)/Vendor/dosbox-pure/libretro-common/include");
				INFOPLIST_FILE = Win95iOS/Info.plist;
				IPHONEOS_DEPLOYMENT_TARGET = 15.0;
				LD_RUNPATH_SEARCH_PATHS = "$(inherited) @executable_path/Frameworks";
				LIBRARY_SEARCH_PATHS = ("$(inherited)", "$(SRCROOT)/Vendor/dosbox-pure");
				MARKETING_VERSION = 1.0;
				ONLY_ACTIVE_ARCH = YES;
				OTHER_LDFLAGS = ("$(inherited)", "-lz", "-framework", AVFoundation, "-framework", GameController, "-framework", Metal, "-framework", MetalKit, "-framework", UIKit,);
				PRODUCT_BUNDLE_IDENTIFIER = jp.example.Win95iOS;
				PRODUCT_NAME = "$(TARGET_NAME)";
				SUPPORTED_PLATFORMS = iphoneos;
				SUPPORTS_MACCATALYST = NO;
				SWIFT_OBJC_BRIDGING_HEADER = Win95iOS/Bridge/Win95iOS-Bridging-Header.h;
				SWIFT_VERSION = 5.0;
				TARGETED_DEVICE_FAMILY = "1,2";
			};
			name = Debug;
		};
		G10000000000000000000004 /* Release */ = {
			isa = XCBuildConfiguration;
			buildSettings = {
				ALWAYS_SEARCH_USER_PATHS = NO;
				APP_DISPLAY_NAME = "Windows 95";
				CLANG_CXX_LANGUAGE_STANDARD = "gnu++17";
				CLANG_ENABLE_OBJC_ARC = YES;
				CLANG_ENABLE_MODULES = YES;
				CODE_SIGN_STYLE = Automatic;
				COPY_PHASE_STRIP = YES;
				CURRENT_PROJECT_VERSION = 1;
				DEBUG_INFORMATION_FORMAT = "dwarf-with-dsym";
				DEVELOPMENT_TEAM = "";
				ENABLE_BITCODE = NO;
				GENERATE_INFOPLIST_FILE = NO;
				HEADER_SEARCH_PATHS = ("$(SRCROOT)/Win95iOS/Bridge", "$(SRCROOT)/Vendor/dosbox-pure/libretro-common/include");
				INFOPLIST_FILE = Win95iOS/Info.plist;
				IPHONEOS_DEPLOYMENT_TARGET = 15.0;
				LD_RUNPATH_SEARCH_PATHS = "$(inherited) @executable_path/Frameworks";
				LIBRARY_SEARCH_PATHS = ("$(inherited)", "$(SRCROOT)/Vendor/dosbox-pure");
				MARKETING_VERSION = 1.0;
				OTHER_LDFLAGS = ("$(inherited)", "-lz", "-framework", AVFoundation, "-framework", GameController, "-framework", Metal, "-framework", MetalKit, "-framework", UIKit,);
				PRODUCT_BUNDLE_IDENTIFIER = jp.example.Win95iOS;
				PRODUCT_NAME = "$(TARGET_NAME)";
				SUPPORTED_PLATFORMS = iphoneos;
				SUPPORTS_MACCATALYST = NO;
				SWIFT_COMPILATION_MODE = wholemodule;
				SWIFT_OBJC_BRIDGING_HEADER = Win95iOS/Bridge/Win95iOS-Bridging-Header.h;
				SWIFT_OPTIMIZATION_LEVEL = "-O";
				SWIFT_VERSION = 5.0;
				TARGETED_DEVICE_FAMILY = "1,2";
				VALIDATE_PRODUCT = YES;
			};
			name = Release;
		};
/* End XCBuildConfiguration section */

/* Begin XCConfigurationList section */
		H10000000000000000000001 /* Build configuration list for PBXProject */ = {isa = XCConfigurationList; buildConfigurations = (G10000000000000000000001 /* Debug */, G10000000000000000000002 /* Release */,); defaultConfigurationIsVisible = 0; defaultConfigurationName = Release;};
		H10000000000000000000002 /* Build configuration list for PBXNativeTarget */ = {isa = XCConfigurationList; buildConfigurations = (G10000000000000000000003 /* Debug */, G10000000000000000000004 /* Release */,); defaultConfigurationIsVisible = 0; defaultConfigurationName = Release;};
/* End XCConfigurationList section */
	};
	rootObject = E10000000000000000000002 /* Project object */;
}
